// !$*UTF8*$!
{
	archiveVersion = 1;
	classes = {
	};
	objectVersion = 56;
	objects = {

/* Begin PBXBuildFile section */
		1CAE7D8AE98B665AAACA6203 /* Pods_IOSWorkshop.framework in Frameworks */ = {isa = PBXBuildFile; fileRef = D8E78B57B6FB49AC2CC5D10D /* Pods_IOSWorkshop.framework */; };
		6DC9AB6A1DF6AA8130A0787C /* Pods_IOSWorkshop_IOSWorkshopUITests.framework in Frameworks */ = {isa = PBXBuildFile; fileRef = DAE5D81C4D89439413493112 /* Pods_IOSWorkshop_IOSWorkshopUITests.framework */; };
		8F11A5652A2095CF00FE6039 /* NetworkManeger.swift in Sources */ = {isa = PBXBuildFile; fileRef = 8F11A5642A2095CF00FE6039 /* NetworkManeger.swift */; };
		8F11A5672A2095DD00FE6039 /* NetworkManegerProtocol.swift in Sources */ = {isa = PBXBuildFile; fileRef = 8F11A5662A2095DD00FE6039 /* NetworkManegerProtocol.swift */; };
		8F11A5692A2095EC00FE6039 /* DatabaseManeger.swift in Sources */ = {isa = PBXBuildFile; fileRef = 8F11A5682A2095EC00FE6039 /* DatabaseManeger.swift */; };
		8F11A56B2A2095F600FE6039 /* DatabaseManegerProtocol.swift in Sources */ = {isa = PBXBuildFile; fileRef = 8F11A56A2A2095F600FE6039 /* DatabaseManegerProtocol.swift */; };
		8F11A5812A2098A600FE6039 /* Main.storyboard in Resources */ = {isa = PBXBuildFile; fileRef = 8F11A5802A2098A600FE6039 /* Main.storyboard */; };
		8F11A5862A20AA2600FE6039 /* MealCell.swift in Sources */ = {isa = PBXBuildFile; fileRef = 8F11A5842A20AA2600FE6039 /* MealCell.swift */; };
		8F11A5872A20AA2600FE6039 /* MealCell.xib in Resources */ = {isa = PBXBuildFile; fileRef = 8F11A5852A20AA2600FE6039 /* MealCell.xib */; };
		8F41DA912A1F38B6001B4938 /* AppDelegate.swift in Sources */ = {isa = PBXBuildFile; fileRef = 8F41DA902A1F38B6001B4938 /* AppDelegate.swift */; };
		8F41DA932A1F38B6001B4938 /* SceneDelegate.swift in Sources */ = {isa = PBXBuildFile; fileRef = 8F41DA922A1F38B6001B4938 /* SceneDelegate.swift */; };
		8F41DA952A1F38B6001B4938 /* HomeViewController.swift in Sources */ = {isa = PBXBuildFile; fileRef = 8F41DA942A1F38B6001B4938 /* HomeViewController.swift */; };
		8F41DA9B2A1F38B6001B4938 /* IOSWorkshop.xcdatamodeld in Sources */ = {isa = PBXBuildFile; fileRef = 8F41DA992A1F38B6001B4938 /* IOSWorkshop.xcdatamodeld */; };
		8F41DA9D2A1F38B9001B4938 /* Assets.xcassets in Resources */ = {isa = PBXBuildFile; fileRef = 8F41DA9C2A1F38B9001B4938 /* Assets.xcassets */; };
		8F41DAA02A1F38B9001B4938 /* LaunchScreen.storyboard in Resources */ = {isa = PBXBuildFile; fileRef = 8F41DA9E2A1F38B9001B4938 /* LaunchScreen.storyboard */; };
		8F41DAAB2A1F38BA001B4938 /* IOSWorkshopTests.swift in Sources */ = {isa = PBXBuildFile; fileRef = 8F41DAAA2A1F38BA001B4938 /* IOSWorkshopTests.swift */; };
		8F41DAB52A1F38BA001B4938 /* IOSWorkshopUITests.swift in Sources */ = {isa = PBXBuildFile; fileRef = 8F41DAB42A1F38BA001B4938 /* IOSWorkshopUITests.swift */; };
		8F41DAB72A1F38BA001B4938 /* IOSWorkshopUITestsLaunchTests.swift in Sources */ = {isa = PBXBuildFile; fileRef = 8F41DAB62A1F38BA001B4938 /* IOSWorkshopUITestsLaunchTests.swift */; };
		A79B07BB2A20D10600D6857E /* DetailsStoryBoard.storyboard in Resources */ = {isa = PBXBuildFile; fileRef = A79B07BA2A20D10600D6857E /* DetailsStoryBoard.storyboard */; };
		A79B07BD2A20D11900D6857E /* FavoriteStoryBoard.storyboard in Resources */ = {isa = PBXBuildFile; fileRef = A79B07BC2A20D11900D6857E /* FavoriteStoryBoard.storyboard */; };
		A79B07BF2A20D2B600D6857E /* FavoritesViewController.swift in Sources */ = {isa = PBXBuildFile; fileRef = A79B07BE2A20D2B600D6857E /* FavoritesViewController.swift */; };
		A79B07C12A20D2D700D6857E /* DetailsViewController.swift in Sources */ = {isa = PBXBuildFile; fileRef = A79B07C02A20D2D700D6857E /* DetailsViewController.swift */; };
		A79B07C72A20E55D00D6857E /* CategoriesViewCell.swift in Sources */ = {isa = PBXBuildFile; fileRef = A79B07C62A20E55D00D6857E /* CategoriesViewCell.swift */; };
		D092239016628AEF3B757C2E /* Pods_IOSWorkshopTests.framework in Frameworks */ = {isa = PBXBuildFile; fileRef = 606E9DA8AB1037D796B28449 /* Pods_IOSWorkshopTests.framework */; };
/* End PBXBuildFile section */

/* Begin PBXContainerItemProxy section */
		8F41DAA72A1F38BA001B4938 /* PBXContainerItemProxy */ = {
			isa = PBXContainerItemProxy;
			containerPortal = 8F41DA852A1F38B6001B4938 /* Project object */;
			proxyType = 1;
			remoteGlobalIDString = 8F41DA8C2A1F38B6001B4938;
			remoteInfo = IOSWorkshop;
		};
		8F41DAB12A1F38BA001B4938 /* PBXContainerItemProxy */ = {
			isa = PBXContainerItemProxy;
			containerPortal = 8F41DA852A1F38B6001B4938 /* Project object */;
			proxyType = 1;
			remoteGlobalIDString = 8F41DA8C2A1F38B6001B4938;
			remoteInfo = IOSWorkshop;
		};
/* End PBXContainerItemProxy section */

/* Begin PBXFileReference section */
		359C655C7F576470D3C90321 /* Pods-IOSWorkshop.release.xcconfig */ = {isa = PBXFileReference; includeInIndex = 1; lastKnownFileType = text.xcconfig; name = "Pods-IOSWorkshop.release.xcconfig"; path = "Target Support Files/Pods-IOSWorkshop/Pods-IOSWorkshop.release.xcconfig"; sourceTree = "<group>"; };
		3BB312F5F1919AFCFF89E182 /* Pods-IOSWorkshopTests.debug.xcconfig */ = {isa = PBXFileReference; includeInIndex = 1; lastKnownFileType = text.xcconfig; name = "Pods-IOSWorkshopTests.debug.xcconfig"; path = "Target Support Files/Pods-IOSWorkshopTests/Pods-IOSWorkshopTests.debug.xcconfig"; sourceTree = "<group>"; };
		4D334286235586D3C3803056 /* Pods-IOSWorkshop-IOSWorkshopUITests.debug.xcconfig */ = {isa = PBXFileReference; includeInIndex = 1; lastKnownFileType = text.xcconfig; name = "Pods-IOSWorkshop-IOSWorkshopUITests.debug.xcconfig"; path = "Target Support Files/Pods-IOSWorkshop-IOSWorkshopUITests/Pods-IOSWorkshop-IOSWorkshopUITests.debug.xcconfig"; sourceTree = "<group>"; };
		4E9B1A508C87E1A6921B59D4 /* Pods-IOSWorkshop.debug.xcconfig */ = {isa = PBXFileReference; includeInIndex = 1; lastKnownFileType = text.xcconfig; name = "Pods-IOSWorkshop.debug.xcconfig"; path = "Target Support Files/Pods-IOSWorkshop/Pods-IOSWorkshop.debug.xcconfig"; sourceTree = "<group>"; };
		606E9DA8AB1037D796B28449 /* Pods_IOSWorkshopTests.framework */ = {isa = PBXFileReference; explicitFileType = wrapper.framework; includeInIndex = 0; path = Pods_IOSWorkshopTests.framework; sourceTree = BUILT_PRODUCTS_DIR; };
		8F11A5642A2095CF00FE6039 /* NetworkManeger.swift */ = {isa = PBXFileReference; lastKnownFileType = sourcecode.swift; path = NetworkManeger.swift; sourceTree = "<group>"; };
		8F11A5662A2095DD00FE6039 /* NetworkManegerProtocol.swift */ = {isa = PBXFileReference; lastKnownFileType = sourcecode.swift; path = NetworkManegerProtocol.swift; sourceTree = "<group>"; };
		8F11A5682A2095EC00FE6039 /* DatabaseManeger.swift */ = {isa = PBXFileReference; lastKnownFileType = sourcecode.swift; path = DatabaseManeger.swift; sourceTree = "<group>"; };
		8F11A56A2A2095F600FE6039 /* DatabaseManegerProtocol.swift */ = {isa = PBXFileReference; lastKnownFileType = sourcecode.swift; path = DatabaseManegerProtocol.swift; sourceTree = "<group>"; };
		8F11A5802A2098A600FE6039 /* Main.storyboard */ = {isa = PBXFileReference; lastKnownFileType = file.storyboard; path = Main.storyboard; sourceTree = "<group>"; };
		8F11A5842A20AA2600FE6039 /* MealCell.swift */ = {isa = PBXFileReference; lastKnownFileType = sourcecode.swift; path = MealCell.swift; sourceTree = "<group>"; };
		8F11A5852A20AA2600FE6039 /* MealCell.xib */ = {isa = PBXFileReference; lastKnownFileType = file.xib; path = MealCell.xib; sourceTree = "<group>"; };
		8F41DA8D2A1F38B6001B4938 /* IOSWorkshop.app */ = {isa = PBXFileReference; explicitFileType = wrapper.application; includeInIndex = 0; path = IOSWorkshop.app; sourceTree = BUILT_PRODUCTS_DIR; };
		8F41DA902A1F38B6001B4938 /* AppDelegate.swift */ = {isa = PBXFileReference; lastKnownFileType = sourcecode.swift; path = AppDelegate.swift; sourceTree = "<group>"; };
		8F41DA922A1F38B6001B4938 /* SceneDelegate.swift */ = {isa = PBXFileReference; lastKnownFileType = sourcecode.swift; path = SceneDelegate.swift; sourceTree = "<group>"; };
		8F41DA942A1F38B6001B4938 /* HomeViewController.swift */ = {isa = PBXFileReference; lastKnownFileType = sourcecode.swift; path = HomeViewController.swift; sourceTree = "<group>"; };
		8F41DA9A2A1F38B6001B4938 /* IOSWorkshop.xcdatamodel */ = {isa = PBXFileReference; lastKnownFileType = wrapper.xcdatamodel; path = IOSWorkshop.xcdatamodel; sourceTree = "<group>"; };
		8F41DA9C2A1F38B9001B4938 /* Assets.xcassets */ = {isa = PBXFileReference; lastKnownFileType = folder.assetcatalog; path = Assets.xcassets; sourceTree = "<group>"; };
		8F41DA9F2A1F38B9001B4938 /* Base */ = {isa = PBXFileReference; lastKnownFileType = file.storyboard; name = Base; path = Base.lproj/LaunchScreen.storyboard; sourceTree = "<group>"; };
		8F41DAA12A1F38B9001B4938 /* Info.plist */ = {isa = PBXFileReference; lastKnownFileType = text.plist.xml; path = Info.plist; sourceTree = "<group>"; };
		8F41DAA62A1F38BA001B4938 /* IOSWorkshopTests.xctest */ = {isa = PBXFileReference; explicitFileType = wrapper.cfbundle; includeInIndex = 0; path = IOSWorkshopTests.xctest; sourceTree = BUILT_PRODUCTS_DIR; };
		8F41DAAA2A1F38BA001B4938 /* IOSWorkshopTests.swift */ = {isa = PBXFileReference; lastKnownFileType = sourcecode.swift; path = IOSWorkshopTests.swift; sourceTree = "<group>"; };
		8F41DAB02A1F38BA001B4938 /* IOSWorkshopUITests.xctest */ = {isa = PBXFileReference; explicitFileType = wrapper.cfbundle; includeInIndex = 0; path = IOSWorkshopUITests.xctest; sourceTree = BUILT_PRODUCTS_DIR; };
		8F41DAB42A1F38BA001B4938 /* IOSWorkshopUITests.swift */ = {isa = PBXFileReference; lastKnownFileType = sourcecode.swift; path = IOSWorkshopUITests.swift; sourceTree = "<group>"; };
		8F41DAB62A1F38BA001B4938 /* IOSWorkshopUITestsLaunchTests.swift */ = {isa = PBXFileReference; lastKnownFileType = sourcecode.swift; path = IOSWorkshopUITestsLaunchTests.swift; sourceTree = "<group>"; };
		A79B07BA2A20D10600D6857E /* DetailsStoryBoard.storyboard */ = {isa = PBXFileReference; lastKnownFileType = file.storyboard; path = DetailsStoryBoard.storyboard; sourceTree = "<group>"; };
		A79B07BC2A20D11900D6857E /* FavoriteStoryBoard.storyboard */ = {isa = PBXFileReference; lastKnownFileType = file.storyboard; path = FavoriteStoryBoard.storyboard; sourceTree = "<group>"; };
		A79B07BE2A20D2B600D6857E /* FavoritesViewController.swift */ = {isa = PBXFileReference; lastKnownFileType = sourcecode.swift; path = FavoritesViewController.swift; sourceTree = "<group>"; };
		A79B07C02A20D2D700D6857E /* DetailsViewController.swift */ = {isa = PBXFileReference; lastKnownFileType = sourcecode.swift; path = DetailsViewController.swift; sourceTree = "<group>"; };
		A79B07C62A20E55D00D6857E /* CategoriesViewCell.swift */ = {isa = PBXFileReference; lastKnownFileType = sourcecode.swift; path = CategoriesViewCell.swift; sourceTree = "<group>"; };
		D5FD07726717ED0F5EE95116 /* Pods-IOSWorkshopTests.release.xcconfig */ = {isa = PBXFileReference; includeInIndex = 1; lastKnownFileType = text.xcconfig; name = "Pods-IOSWorkshopTests.release.xcconfig"; path = "Target Support Files/Pods-IOSWorkshopTests/Pods-IOSWorkshopTests.release.xcconfig"; sourceTree = "<group>"; };
		D8E78B57B6FB49AC2CC5D10D /* Pods_IOSWorkshop.framework */ = {isa = PBXFileReference; explicitFileType = wrapper.framework; includeInIndex = 0; path = Pods_IOSWorkshop.framework; sourceTree = BUILT_PRODUCTS_DIR; };
		DAD0D5A9BEE2CF7B0EE8A76E /* Pods-IOSWorkshop-IOSWorkshopUITests.release.xcconfig */ = {isa = PBXFileReference; includeInIndex = 1; lastKnownFileType = text.xcconfig; name = "Pods-IOSWorkshop-IOSWorkshopUITests.release.xcconfig"; path = "Target Support Files/Pods-IOSWorkshop-IOSWorkshopUITests/Pods-IOSWorkshop-IOSWorkshopUITests.release.xcconfig"; sourceTree = "<group>"; };
		DAE5D81C4D89439413493112 /* Pods_IOSWorkshop_IOSWorkshopUITests.framework */ = {isa = PBXFileReference; explicitFileType = wrapper.framework; includeInIndex = 0; path = Pods_IOSWorkshop_IOSWorkshopUITests.framework; sourceTree = BUILT_PRODUCTS_DIR; };
/* End PBXFileReference section */

/* Begin PBXFrameworksBuildPhase section */
		8F41DA8A2A1F38B6001B4938 /* Frameworks */ = {
			isa = PBXFrameworksBuildPhase;
			buildActionMask = 2147483647;
			files = (
				1CAE7D8AE98B665AAACA6203 /* Pods_IOSWorkshop.framework in Frameworks */,
			);
			runOnlyForDeploymentPostprocessing = 0;
		};
		8F41DAA32A1F38BA001B4938 /* Frameworks */ = {
			isa = PBXFrameworksBuildPhase;
			buildActionMask = 2147483647;
			files = (
				D092239016628AEF3B757C2E /* Pods_IOSWorkshopTests.framework in Frameworks */,
			);
			runOnlyForDeploymentPostprocessing = 0;
		};
		8F41DAAD2A1F38BA001B4938 /* Frameworks */ = {
			isa = PBXFrameworksBuildPhase;
			buildActionMask = 2147483647;
			files = (
				6DC9AB6A1DF6AA8130A0787C /* Pods_IOSWorkshop_IOSWorkshopUITests.framework in Frameworks */,
			);
			runOnlyForDeploymentPostprocessing = 0;
		};
/* End PBXFrameworksBuildPhase section */

/* Begin PBXGroup section */
		7B2AC2A3854A5FB6B424FE4D /* Frameworks */ = {
			isa = PBXGroup;
			children = (
				D8E78B57B6FB49AC2CC5D10D /* Pods_IOSWorkshop.framework */,
				DAE5D81C4D89439413493112 /* Pods_IOSWorkshop_IOSWorkshopUITests.framework */,
				606E9DA8AB1037D796B28449 /* Pods_IOSWorkshopTests.framework */,
			);
			name = Frameworks;
			sourceTree = "<group>";
		};
		8F11A55E2A20954B00FE6039 /* Services */ = {
			isa = PBXGroup;
			children = (
				8F11A5602A20956800FE6039 /* Cache */,
				8F11A55F2A20955F00FE6039 /* Network */,
			);
			path = Services;
			sourceTree = "<group>";
		};
		8F11A55F2A20955F00FE6039 /* Network */ = {
			isa = PBXGroup;
			children = (
				8F11A5642A2095CF00FE6039 /* NetworkManeger.swift */,
				8F11A5662A2095DD00FE6039 /* NetworkManegerProtocol.swift */,
			);
			path = Network;
			sourceTree = "<group>";
		};
		8F11A5602A20956800FE6039 /* Cache */ = {
			isa = PBXGroup;
			children = (
				8F11A5682A2095EC00FE6039 /* DatabaseManeger.swift */,
				8F11A56A2A2095F600FE6039 /* DatabaseManegerProtocol.swift */,
			);
			path = Cache;
			sourceTree = "<group>";
		};
		8F11A5622A20959800FE6039 /* Modules */ = {
			isa = PBXGroup;
			children = (
				A79B07C32A20DC1500D6857E /* details */,
				A79B07C22A20DC1100D6857E /* home */,
				8F11A56D2A20960600FE6039 /* Favourite */,
			);
			path = Modules;
			sourceTree = "<group>";
		};
		8F11A56D2A20960600FE6039 /* Favourite */ = {
			isa = PBXGroup;
			children = (
				8F11A5772A20981E00FE6039 /* Coordinator */,
				8F11A5732A2096C300FE6039 /* View */,
				8F11A5742A2096C700FE6039 /* ViewModel */,
			);
			name = Favourite;
			sourceTree = "<group>";
		};
		8F11A5732A2096C300FE6039 /* View */ = {
			isa = PBXGroup;
			children = (
				A79B07BC2A20D11900D6857E /* FavoriteStoryBoard.storyboard */,
				A79B07BE2A20D2B600D6857E /* FavoritesViewController.swift */,
				8F11A5842A20AA2600FE6039 /* MealCell.swift */,
				8F11A5852A20AA2600FE6039 /* MealCell.xib */,
			);
			name = View;
			sourceTree = "<group>";
		};
		8F11A5742A2096C700FE6039 /* ViewModel */ = {
			isa = PBXGroup;
			children = (
			);
			name = ViewModel;
			sourceTree = "<group>";
		};
		8F11A5752A2096EF00FE6039 /* View */ = {
			isa = PBXGroup;
			children = (
				8F41DA9E2A1F38B9001B4938 /* LaunchScreen.storyboard */,
			);
			path = View;
			sourceTree = "<group>";
		};
		8F11A5772A20981E00FE6039 /* Coordinator */ = {
			isa = PBXGroup;
			children = (
			);
			name = Coordinator;
			sourceTree = "<group>";
		};
		8F41DA842A1F38B6001B4938 = {
			isa = PBXGroup;
			children = (
				8F41DA8F2A1F38B6001B4938 /* IOSWorkshop */,
				8F41DAA92A1F38BA001B4938 /* IOSWorkshopTests */,
				8F41DAB32A1F38BA001B4938 /* IOSWorkshopUITests */,
				8F41DA8E2A1F38B6001B4938 /* Products */,
				BF5414F27B6BF79E64125A7D /* Pods */,
				7B2AC2A3854A5FB6B424FE4D /* Frameworks */,
			);
			sourceTree = "<group>";
		};
		8F41DA8E2A1F38B6001B4938 /* Products */ = {
			isa = PBXGroup;
			children = (
				8F41DA8D2A1F38B6001B4938 /* IOSWorkshop.app */,
				8F41DAA62A1F38BA001B4938 /* IOSWorkshopTests.xctest */,
				8F41DAB02A1F38BA001B4938 /* IOSWorkshopUITests.xctest */,
			);
			name = Products;
			sourceTree = "<group>";
		};
		8F41DA8F2A1F38B6001B4938 /* IOSWorkshop */ = {
			isa = PBXGroup;
			children = (
				8F11A5752A2096EF00FE6039 /* View */,
				8F11A5622A20959800FE6039 /* Modules */,
				8F11A55E2A20954B00FE6039 /* Services */,
				8F41DA902A1F38B6001B4938 /* AppDelegate.swift */,
				8F41DA922A1F38B6001B4938 /* SceneDelegate.swift */,
				8F41DA9C2A1F38B9001B4938 /* Assets.xcassets */,
				8F41DAA12A1F38B9001B4938 /* Info.plist */,
				8F41DA992A1F38B6001B4938 /* IOSWorkshop.xcdatamodeld */,
			);
			path = IOSWorkshop;
			sourceTree = "<group>";
		};
		8F41DAA92A1F38BA001B4938 /* IOSWorkshopTests */ = {
			isa = PBXGroup;
			children = (
				8F41DAAA2A1F38BA001B4938 /* IOSWorkshopTests.swift */,
			);
			path = IOSWorkshopTests;
			sourceTree = "<group>";
		};
		8F41DAB32A1F38BA001B4938 /* IOSWorkshopUITests */ = {
			isa = PBXGroup;
			children = (
				8F41DAB42A1F38BA001B4938 /* IOSWorkshopUITests.swift */,
				8F41DAB62A1F38BA001B4938 /* IOSWorkshopUITestsLaunchTests.swift */,
			);
			path = IOSWorkshopUITests;
			sourceTree = "<group>";
		};
		A79B07C22A20DC1100D6857E /* home */ = {
			isa = PBXGroup;
			children = (
				A79B07C42A20DC2700D6857E /* view */,
			);
			name = home;
			sourceTree = "<group>";
		};
		A79B07C32A20DC1500D6857E /* details */ = {
			isa = PBXGroup;
			children = (
				A79B07C52A20DC2E00D6857E /* view */,
			);
			name = details;
			sourceTree = "<group>";
		};
		A79B07C42A20DC2700D6857E /* view */ = {
			isa = PBXGroup;
			children = (
				8F11A5802A2098A600FE6039 /* Main.storyboard */,
				8F41DA942A1F38B6001B4938 /* HomeViewController.swift */,
				A79B07C62A20E55D00D6857E /* CategoriesViewCell.swift */,
			);
			name = view;
			sourceTree = "<group>";
		};
		A79B07C52A20DC2E00D6857E /* view */ = {
			isa = PBXGroup;
			children = (
				A79B07C02A20D2D700D6857E /* DetailsViewController.swift */,
				A79B07BA2A20D10600D6857E /* DetailsStoryBoard.storyboard */,
			);
			name = view;
			sourceTree = "<group>";
		};
		BF5414F27B6BF79E64125A7D /* Pods */ = {
			isa = PBXGroup;
			children = (
				4E9B1A508C87E1A6921B59D4 /* Pods-IOSWorkshop.debug.xcconfig */,
				359C655C7F576470D3C90321 /* Pods-IOSWorkshop.release.xcconfig */,
				4D334286235586D3C3803056 /* Pods-IOSWorkshop-IOSWorkshopUITests.debug.xcconfig */,
				DAD0D5A9BEE2CF7B0EE8A76E /* Pods-IOSWorkshop-IOSWorkshopUITests.release.xcconfig */,
				3BB312F5F1919AFCFF89E182 /* Pods-IOSWorkshopTests.debug.xcconfig */,
				D5FD07726717ED0F5EE95116 /* Pods-IOSWorkshopTests.release.xcconfig */,
			);
			path = Pods;
			sourceTree = "<group>";
		};
/* End PBXGroup section */

/* Begin PBXNativeTarget section */
		8F41DA8C2A1F38B6001B4938 /* IOSWorkshop */ = {
			isa = PBXNativeTarget;
			buildConfigurationList = 8F41DABA2A1F38BA001B4938 /* Build configuration list for PBXNativeTarget "IOSWorkshop" */;
			buildPhases = (
				B905296FA553745631DD4454 /* [CP] Check Pods Manifest.lock */,
				8F41DA892A1F38B6001B4938 /* Sources */,
				8F41DA8A2A1F38B6001B4938 /* Frameworks */,
				8F41DA8B2A1F38B6001B4938 /* Resources */,
				B1BC96B9B4794B619F331108 /* [CP] Embed Pods Frameworks */,
			);
			buildRules = (
			);
			dependencies = (
			);
			name = IOSWorkshop;
			productName = IOSWorkshop;
			productReference = 8F41DA8D2A1F38B6001B4938 /* IOSWorkshop.app */;
			productType = "com.apple.product-type.application";
		};
		8F41DAA52A1F38BA001B4938 /* IOSWorkshopTests */ = {
			isa = PBXNativeTarget;
			buildConfigurationList = 8F41DABD2A1F38BA001B4938 /* Build configuration list for PBXNativeTarget "IOSWorkshopTests" */;
			buildPhases = (
				306EE936B90C94D26A9C7561 /* [CP] Check Pods Manifest.lock */,
				8F41DAA22A1F38BA001B4938 /* Sources */,
				8F41DAA32A1F38BA001B4938 /* Frameworks */,
				8F41DAA42A1F38BA001B4938 /* Resources */,
			);
			buildRules = (
			);
			dependencies = (
				8F41DAA82A1F38BA001B4938 /* PBXTargetDependency */,
			);
			name = IOSWorkshopTests;
			productName = IOSWorkshopTests;
			productReference = 8F41DAA62A1F38BA001B4938 /* IOSWorkshopTests.xctest */;
			productType = "com.apple.product-type.bundle.unit-test";
		};
		8F41DAAF2A1F38BA001B4938 /* IOSWorkshopUITests */ = {
			isa = PBXNativeTarget;
			buildConfigurationList = 8F41DAC02A1F38BA001B4938 /* Build configuration list for PBXNativeTarget "IOSWorkshopUITests" */;
			buildPhases = (
				08117CC83C164745CA496219 /* [CP] Check Pods Manifest.lock */,
				8F41DAAC2A1F38BA001B4938 /* Sources */,
				8F41DAAD2A1F38BA001B4938 /* Frameworks */,
				8F41DAAE2A1F38BA001B4938 /* Resources */,
				FC8016E80CDB2B7E010919D5 /* [CP] Embed Pods Frameworks */,
			);
			buildRules = (
			);
			dependencies = (
				8F41DAB22A1F38BA001B4938 /* PBXTargetDependency */,
			);
			name = IOSWorkshopUITests;
			productName = IOSWorkshopUITests;
			productReference = 8F41DAB02A1F38BA001B4938 /* IOSWorkshopUITests.xctest */;
			productType = "com.apple.product-type.bundle.ui-testing";
		};
/* End PBXNativeTarget section */

/* Begin PBXProject section */
		8F41DA852A1F38B6001B4938 /* Project object */ = {
			isa = PBXProject;
			attributes = {
				BuildIndependentTargetsInParallel = 1;
				LastSwiftUpdateCheck = 1430;
				LastUpgradeCheck = 1430;
				TargetAttributes = {
					8F41DA8C2A1F38B6001B4938 = {
						CreatedOnToolsVersion = 14.3;
					};
					8F41DAA52A1F38BA001B4938 = {
						CreatedOnToolsVersion = 14.3;
						TestTargetID = 8F41DA8C2A1F38B6001B4938;
					};
					8F41DAAF2A1F38BA001B4938 = {
						CreatedOnToolsVersion = 14.3;
						TestTargetID = 8F41DA8C2A1F38B6001B4938;
					};
				};
			};
			buildConfigurationList = 8F41DA882A1F38B6001B4938 /* Build configuration list for PBXProject "IOSWorkshop" */;
			compatibilityVersion = "Xcode 14.0";
			developmentRegion = en;
			hasScannedForEncodings = 0;
			knownRegions = (
				en,
				Base,
			);
			mainGroup = 8F41DA842A1F38B6001B4938;
			productRefGroup = 8F41DA8E2A1F38B6001B4938 /* Products */;
			projectDirPath = "";
			projectRoot = "";
			targets = (
				8F41DA8C2A1F38B6001B4938 /* IOSWorkshop */,
				8F41DAA52A1F38BA001B4938 /* IOSWorkshopTests */,
				8F41DAAF2A1F38BA001B4938 /* IOSWorkshopUITests */,
			);
		};
/* End PBXProject section */

/* Begin PBXResourcesBuildPhase section */
		8F41DA8B2A1F38B6001B4938 /* Resources */ = {
			isa = PBXResourcesBuildPhase;
			buildActionMask = 2147483647;
			files = (
				8F11A5872A20AA2600FE6039 /* MealCell.xib in Resources */,
				A79B07BD2A20D11900D6857E /* FavoriteStoryBoard.storyboard in Resources */,
				8F41DAA02A1F38B9001B4938 /* LaunchScreen.storyboard in Resources */,
				A79B07BB2A20D10600D6857E /* DetailsStoryBoard.storyboard in Resources */,
				8F11A5812A2098A600FE6039 /* Main.storyboard in Resources */,
				8F41DA9D2A1F38B9001B4938 /* Assets.xcassets in Resources */,
			);
			runOnlyForDeploymentPostprocessing = 0;
		};
		8F41DAA42A1F38BA001B4938 /* Resources */ = {
			isa = PBXResourcesBuildPhase;
			buildActionMask = 2147483647;
			files = (
			);
			runOnlyForDeploymentPostprocessing = 0;
		};
		8F41DAAE2A1F38BA001B4938 /* Resources */ = {
			isa = PBXResourcesBuildPhase;
			buildActionMask = 2147483647;
			files = (
			);
			runOnlyForDeploymentPostprocessing = 0;
		};
/* End PBXResourcesBuildPhase section */

/* Begin PBXShellScriptBuildPhase section */
		08117CC83C164745CA496219 /* [CP] Check Pods Manifest.lock */ = {
			isa = PBXShellScriptBuildPhase;
			buildActionMask = 2147483647;
			files = (
			);
			inputFileListPaths = (
			);
			inputPaths = (
				"${PODS_PODFILE_DIR_PATH}/Podfile.lock",
				"${PODS_ROOT}/Manifest.lock",
			);
			name = "[CP] Check Pods Manifest.lock";
			outputFileListPaths = (
			);
			outputPaths = (
				"$(DERIVED_FILE_DIR)/Pods-IOSWorkshop-IOSWorkshopUITests-checkManifestLockResult.txt",
			);
			runOnlyForDeploymentPostprocessing = 0;
			shellPath = /bin/sh;
			shellScript = "diff \"${PODS_PODFILE_DIR_PATH}/Podfile.lock\" \"${PODS_ROOT}/Manifest.lock\" > /dev/null\nif [ $? != 0 ] ; then\n    # print error to STDERR\n    echo \"error: The sandbox is not in sync with the Podfile.lock. Run 'pod install' or update your CocoaPods installation.\" >&2\n    exit 1\nfi\n# This output is used by Xcode 'outputs' to avoid re-running this script phase.\necho \"SUCCESS\" > \"${SCRIPT_OUTPUT_FILE_0}\"\n";
			showEnvVarsInLog = 0;
		};
		306EE936B90C94D26A9C7561 /* [CP] Check Pods Manifest.lock */ = {
			isa = PBXShellScriptBuildPhase;
			buildActionMask = 2147483647;
			files = (
			);
			inputFileListPaths = (
			);
			inputPaths = (
				"${PODS_PODFILE_DIR_PATH}/Podfile.lock",
				"${PODS_ROOT}/Manifest.lock",
			);
			name = "[CP] Check Pods Manifest.lock";
			outputFileListPaths = (
			);
			outputPaths = (
				"$(DERIVED_FILE_DIR)/Pods-IOSWorkshopTests-checkManifestLockResult.txt",
			);
			runOnlyForDeploymentPostprocessing = 0;
			shellPath = /bin/sh;
			shellScript = "diff \"${PODS_PODFILE_DIR_PATH}/Podfile.lock\" \"${PODS_ROOT}/Manifest.lock\" > /dev/null\nif [ $? != 0 ] ; then\n    # print error to STDERR\n    echo \"error: The sandbox is not in sync with the Podfile.lock. Run 'pod install' or update your CocoaPods installation.\" >&2\n    exit 1\nfi\n# This output is used by Xcode 'outputs' to avoid re-running this script phase.\necho \"SUCCESS\" > \"${SCRIPT_OUTPUT_FILE_0}\"\n";
			showEnvVarsInLog = 0;
		};
		B1BC96B9B4794B619F331108 /* [CP] Embed Pods Frameworks */ = {
			isa = PBXShellScriptBuildPhase;
			buildActionMask = 2147483647;
			files = (
			);
			inputFileListPaths = (
				"${PODS_ROOT}/Target Support Files/Pods-IOSWorkshop/Pods-IOSWorkshop-frameworks-${CONFIGURATION}-input-files.xcfilelist",
			);
			name = "[CP] Embed Pods Frameworks";
			outputFileListPaths = (
				"${PODS_ROOT}/Target Support Files/Pods-IOSWorkshop/Pods-IOSWorkshop-frameworks-${CONFIGURATION}-output-files.xcfilelist",
			);
			runOnlyForDeploymentPostprocessing = 0;
			shellPath = /bin/sh;
			shellScript = "\"${PODS_ROOT}/Target Support Files/Pods-IOSWorkshop/Pods-IOSWorkshop-frameworks.sh\"\n";
			showEnvVarsInLog = 0;
		};
		B905296FA553745631DD4454 /* [CP] Check Pods Manifest.lock */ = {
			isa = PBXShellScriptBuildPhase;
			buildActionMask = 2147483647;
			files = (
			);
			inputFileListPaths = (
			);
			inputPaths = (
				"${PODS_PODFILE_DIR_PATH}/Podfile.lock",
				"${PODS_ROOT}/Manifest.lock",
			);
			name = "[CP] Check Pods Manifest.lock";
			outputFileListPaths = (
			);
			outputPaths = (
				"$(DERIVED_FILE_DIR)/Pods-IOSWorkshop-checkManifestLockResult.txt",
			);
			runOnlyForDeploymentPostprocessing = 0;
			shellPath = /bin/sh;
			shellScript = "diff \"${PODS_PODFILE_DIR_PATH}/Podfile.lock\" \"${PODS_ROOT}/Manifest.lock\" > /dev/null\nif [ $? != 0 ] ; then\n    # print error to STDERR\n    echo \"error: The sandbox is not in sync with the Podfile.lock. Run 'pod install' or update your CocoaPods installation.\" >&2\n    exit 1\nfi\n# This output is used by Xcode 'outputs' to avoid re-running this script phase.\necho \"SUCCESS\" > \"${SCRIPT_OUTPUT_FILE_0}\"\n";
			showEnvVarsInLog = 0;
		};
		FC8016E80CDB2B7E010919D5 /* [CP] Embed Pods Frameworks */ = {
			isa = PBXShellScriptBuildPhase;
			buildActionMask = 2147483647;
			files = (
			);
			inputFileListPaths = (
				"${PODS_ROOT}/Target Support Files/Pods-IOSWorkshop-IOSWorkshopUITests/Pods-IOSWorkshop-IOSWorkshopUITests-frameworks-${CONFIGURATION}-input-files.xcfilelist",
			);
			name = "[CP] Embed Pods Frameworks";
			outputFileListPaths = (
				"${PODS_ROOT}/Target Support Files/Pods-IOSWorkshop-IOSWorkshopUITests/Pods-IOSWorkshop-IOSWorkshopUITests-frameworks-${CONFIGURATION}-output-files.xcfilelist",
			);
			runOnlyForDeploymentPostprocessing = 0;
			shellPath = /bin/sh;
			shellScript = "\"${PODS_ROOT}/Target Support Files/Pods-IOSWorkshop-IOSWorkshopUITests/Pods-IOSWorkshop-IOSWorkshopUITests-frameworks.sh\"\n";
			showEnvVarsInLog = 0;
		};
/* End PBXShellScriptBuildPhase section */

/* Begin PBXSourcesBuildPhase section */
		8F41DA892A1F38B6001B4938 /* Sources */ = {
			isa = PBXSourcesBuildPhase;
			buildActionMask = 2147483647;
			files = (
				8F41DA9B2A1F38B6001B4938 /* IOSWorkshop.xcdatamodeld in Sources */,
				8F41DA952A1F38B6001B4938 /* HomeViewController.swift in Sources */,
				8F41DA912A1F38B6001B4938 /* AppDelegate.swift in Sources */,
				A79B07C12A20D2D700D6857E /* DetailsViewController.swift in Sources */,
				A79B07C72A20E55D00D6857E /* CategoriesViewCell.swift in Sources */,
				8F11A5862A20AA2600FE6039 /* MealCell.swift in Sources */,
				8F11A5652A2095CF00FE6039 /* NetworkManeger.swift in Sources */,
				8F11A5672A2095DD00FE6039 /* NetworkManegerProtocol.swift in Sources */,
				8F11A5692A2095EC00FE6039 /* DatabaseManeger.swift in Sources */,
				8F11A56B2A2095F600FE6039 /* DatabaseManegerProtocol.swift in Sources */,
				A79B07BF2A20D2B600D6857E /* FavoritesViewController.swift in Sources */,
				8F41DA932A1F38B6001B4938 /* SceneDelegate.swift in Sources */,
			);
			runOnlyForDeploymentPostprocessing = 0;
		};
		8F41DAA22A1F38BA001B4938 /* Sources */ = {
			isa = PBXSourcesBuildPhase;
			buildActionMask = 2147483647;
			files = (
				8F41DAAB2A1F38BA001B4938 /* IOSWorkshopTests.swift in Sources */,
			);
			runOnlyForDeploymentPostprocessing = 0;
		};
		8F41DAAC2A1F38BA001B4938 /* Sources */ = {
			isa = PBXSourcesBuildPhase;
			buildActionMask = 2147483647;
			files = (
				8F41DAB52A1F38BA001B4938 /* IOSWorkshopUITests.swift in Sources */,
				8F41DAB72A1F38BA001B4938 /* IOSWorkshopUITestsLaunchTests.swift in Sources */,
			);
			runOnlyForDeploymentPostprocessing = 0;
		};
/* End PBXSourcesBuildPhase section */

/* Begin PBXTargetDependency section */
		8F41DAA82A1F38BA001B4938 /* PBXTargetDependency */ = {
			isa = PBXTargetDependency;
			target = 8F41DA8C2A1F38B6001B4938 /* IOSWorkshop */;
			targetProxy = 8F41DAA72A1F38BA001B4938 /* PBXContainerItemProxy */;
		};
		8F41DAB22A1F38BA001B4938 /* PBXTargetDependency */ = {
			isa = PBXTargetDependency;
			target = 8F41DA8C2A1F38B6001B4938 /* IOSWorkshop */;
			targetProxy = 8F41DAB12A1F38BA001B4938 /* PBXContainerItemProxy */;
		};
/* End PBXTargetDependency section */

/* Begin PBXVariantGroup section */
		8F41DA9E2A1F38B9001B4938 /* LaunchScreen.storyboard */ = {
			isa = PBXVariantGroup;
			children = (
				8F41DA9F2A1F38B9001B4938 /* Base */,
			);
			name = LaunchScreen.storyboard;
			sourceTree = "<group>";
		};
/* End PBXVariantGroup section */

/* Begin XCBuildConfiguration section */
		8F41DAB82A1F38BA001B4938 /* Debug */ = {
			isa = XCBuildConfiguration;
			buildSettings = {
				ALWAYS_SEARCH_USER_PATHS = NO;
				CLANG_ANALYZER_NONNULL = YES;
				CLANG_ANALYZER_NUMBER_OBJECT_CONVERSION = YES_AGGRESSIVE;
				CLANG_CXX_LANGUAGE_STANDARD = "gnu++20";
				CLANG_ENABLE_MODULES = YES;
				CLANG_ENABLE_OBJC_ARC = YES;
				CLANG_ENABLE_OBJC_WEAK = YES;
				CLANG_WARN_BLOCK_CAPTURE_AUTORELEASING = YES;
				CLANG_WARN_BOOL_CONVERSION = YES;
				CLANG_WARN_COMMA = YES;
				CLANG_WARN_CONSTANT_CONVERSION = YES;
				CLANG_WARN_DEPRECATED_OBJC_IMPLEMENTATIONS = YES;
				CLANG_WARN_DIRECT_OBJC_ISA_USAGE = YES_ERROR;
				CLANG_WARN_DOCUMENTATION_COMMENTS = YES;
				CLANG_WARN_EMPTY_BODY = YES;
				CLANG_WARN_ENUM_CONVERSION = YES;
				CLANG_WARN_INFINITE_RECURSION = YES;
				CLANG_WARN_INT_CONVERSION = YES;
				CLANG_WARN_NON_LITERAL_NULL_CONVERSION = YES;
				CLANG_WARN_OBJC_IMPLICIT_RETAIN_SELF = YES;
				CLANG_WARN_OBJC_LITERAL_CONVERSION = YES;
				CLANG_WARN_OBJC_ROOT_CLASS = YES_ERROR;
				CLANG_WARN_QUOTED_INCLUDE_IN_FRAMEWORK_HEADER = YES;
				CLANG_WARN_RANGE_LOOP_ANALYSIS = YES;
				CLANG_WARN_STRICT_PROTOTYPES = YES;
				CLANG_WARN_SUSPICIOUS_MOVE = YES;
				CLANG_WARN_UNGUARDED_AVAILABILITY = YES_AGGRESSIVE;
				CLANG_WARN_UNREACHABLE_CODE = YES;
				CLANG_WARN__DUPLICATE_METHOD_MATCH = YES;
				COPY_PHASE_STRIP = NO;
				DEBUG_INFORMATION_FORMAT = dwarf;
				ENABLE_STRICT_OBJC_MSGSEND = YES;
				ENABLE_TESTABILITY = YES;
				GCC_C_LANGUAGE_STANDARD = gnu11;
				GCC_DYNAMIC_NO_PIC = NO;
				GCC_NO_COMMON_BLOCKS = YES;
				GCC_OPTIMIZATION_LEVEL = 0;
				GCC_PREPROCESSOR_DEFINITIONS = (
					"DEBUG=1",
					"$(inherited)",
				);
				GCC_WARN_64_TO_32_BIT_CONVERSION = YES;
				GCC_WARN_ABOUT_RETURN_TYPE = YES_ERROR;
				GCC_WARN_UNDECLARED_SELECTOR = YES;
				GCC_WARN_UNINITIALIZED_AUTOS = YES_AGGRESSIVE;
				GCC_WARN_UNUSED_FUNCTION = YES;
				GCC_WARN_UNUSED_VARIABLE = YES;
				IPHONEOS_DEPLOYMENT_TARGET = 16.0;
				MTL_ENABLE_DEBUG_INFO = INCLUDE_SOURCE;
				MTL_FAST_MATH = YES;
				ONLY_ACTIVE_ARCH = YES;
				SDKROOT = iphoneos;
				SWIFT_ACTIVE_COMPILATION_CONDITIONS = DEBUG;
				SWIFT_OPTIMIZATION_LEVEL = "-Onone";
			};
			name = Debug;
		};
		8F41DAB92A1F38BA001B4938 /* Release */ = {
			isa = XCBuildConfiguration;
			buildSettings = {
				ALWAYS_SEARCH_USER_PATHS = NO;
				CLANG_ANALYZER_NONNULL = YES;
				CLANG_ANALYZER_NUMBER_OBJECT_CONVERSION = YES_AGGRESSIVE;
				CLANG_CXX_LANGUAGE_STANDARD = "gnu++20";
				CLANG_ENABLE_MODULES = YES;
				CLANG_ENABLE_OBJC_ARC = YES;
				CLANG_ENABLE_OBJC_WEAK = YES;
				CLANG_WARN_BLOCK_CAPTURE_AUTORELEASING = YES;
				CLANG_WARN_BOOL_CONVERSION = YES;
				CLANG_WARN_COMMA = YES;
				CLANG_WARN_CONSTANT_CONVERSION = YES;
				CLANG_WARN_DEPRECATED_OBJC_IMPLEMENTATIONS = YES;
				CLANG_WARN_DIRECT_OBJC_ISA_USAGE = YES_ERROR;
				CLANG_WARN_DOCUMENTATION_COMMENTS = YES;
				CLANG_WARN_EMPTY_BODY = YES;
				CLANG_WARN_ENUM_CONVERSION = YES;
				CLANG_WARN_INFINITE_RECURSION = YES;
				CLANG_WARN_INT_CONVERSION = YES;
				CLANG_WARN_NON_LITERAL_NULL_CONVERSION = YES;
				CLANG_WARN_OBJC_IMPLICIT_RETAIN_SELF = YES;
				CLANG_WARN_OBJC_LITERAL_CONVERSION = YES;
				CLANG_WARN_OBJC_ROOT_CLASS = YES_ERROR;
				CLANG_WARN_QUOTED_INCLUDE_IN_FRAMEWORK_HEADER = YES;
				CLANG_WARN_RANGE_LOOP_ANALYSIS = YES;
				CLANG_WARN_STRICT_PROTOTYPES = YES;
				CLANG_WARN_SUSPICIOUS_MOVE = YES;
				CLANG_WARN_UNGUARDED_AVAILABILITY = YES_AGGRESSIVE;
				CLANG_WARN_UNREACHABLE_CODE = YES;
				CLANG_WARN__DUPLICATE_METHOD_MATCH = YES;
				COPY_PHASE_STRIP = NO;
				DEBUG_INFORMATION_FORMAT = "dwarf-with-dsym";
				ENABLE_NS_ASSERTIONS = NO;
				ENABLE_STRICT_OBJC_MSGSEND = YES;
				GCC_C_LANGUAGE_STANDARD = gnu11;
				GCC_NO_COMMON_BLOCKS = YES;
				GCC_WARN_64_TO_32_BIT_CONVERSION = YES;
				GCC_WARN_ABOUT_RETURN_TYPE = YES_ERROR;
				GCC_WARN_UNDECLARED_SELECTOR = YES;
				GCC_WARN_UNINITIALIZED_AUTOS = YES_AGGRESSIVE;
				GCC_WARN_UNUSED_FUNCTION = YES;
				GCC_WARN_UNUSED_VARIABLE = YES;
				IPHONEOS_DEPLOYMENT_TARGET = 16.0;
				MTL_ENABLE_DEBUG_INFO = NO;
				MTL_FAST_MATH = YES;
				SDKROOT = iphoneos;
				SWIFT_COMPILATION_MODE = wholemodule;
				SWIFT_OPTIMIZATION_LEVEL = "-O";
				VALIDATE_PRODUCT = YES;
			};
			name = Release;
		};
		8F41DABB2A1F38BA001B4938 /* Debug */ = {
			isa = XCBuildConfiguration;
			baseConfigurationReference = 4E9B1A508C87E1A6921B59D4 /* Pods-IOSWorkshop.debug.xcconfig */;
			buildSettings = {
				ASSETCATALOG_COMPILER_APPICON_NAME = AppIcon;
				ASSETCATALOG_COMPILER_GLOBAL_ACCENT_COLOR_NAME = AccentColor;
				CODE_SIGN_STYLE = Automatic;
				CURRENT_PROJECT_VERSION = 1;
				GENERATE_INFOPLIST_FILE = YES;
				INFOPLIST_FILE = IOSWorkshop/Info.plist;
				INFOPLIST_KEY_UIApplicationSupportsIndirectInputEvents = YES;
				INFOPLIST_KEY_UILaunchStoryboardName = LaunchScreen;
				INFOPLIST_KEY_UIMainStoryboardFile = Main;
				INFOPLIST_KEY_UISupportedInterfaceOrientations_iPad = "UIInterfaceOrientationPortrait UIInterfaceOrientationPortraitUpsideDown UIInterfaceOrientationLandscapeLeft UIInterfaceOrientationLandscapeRight";
				INFOPLIST_KEY_UISupportedInterfaceOrientations_iPhone = "UIInterfaceOrientationPortrait UIInterfaceOrientationLandscapeLeft UIInterfaceOrientationLandscapeRight";
				IPHONEOS_DEPLOYMENT_TARGET = 15.0;
				LD_RUNPATH_SEARCH_PATHS = (
					"$(inherited)",
					"@executable_path/Frameworks",
				);
				MARKETING_VERSION = 1.0;
				PRODUCT_BUNDLE_IDENTIFIER = saraeltlt.IOSWorkshop;
				PRODUCT_NAME = "$(TARGET_NAME)";
				SWIFT_EMIT_LOC_STRINGS = YES;
				SWIFT_VERSION = 5.0;
				TARGETED_DEVICE_FAMILY = "1,2";
			};
			name = Debug;
		};
		8F41DABC2A1F38BA001B4938 /* Release */ = {
			isa = XCBuildConfiguration;
			baseConfigurationReference = 359C655C7F576470D3C90321 /* Pods-IOSWorkshop.release.xcconfig */;
			buildSettings = {
				ASSETCATALOG_COMPILER_APPICON_NAME = AppIcon;
				ASSETCATALOG_COMPILER_GLOBAL_ACCENT_COLOR_NAME = AccentColor;
				CODE_SIGN_STYLE = Automatic;
				CURRENT_PROJECT_VERSION = 1;
				GENERATE_INFOPLIST_FILE = YES;
				INFOPLIST_FILE = IOSWorkshop/Info.plist;
				INFOPLIST_KEY_UIApplicationSupportsIndirectInputEvents = YES;
				INFOPLIST_KEY_UILaunchStoryboardName = LaunchScreen;
				INFOPLIST_KEY_UIMainStoryboardFile = Main;
				INFOPLIST_KEY_UISupportedInterfaceOrientations_iPad = "UIInterfaceOrientationPortrait UIInterfaceOrientationPortraitUpsideDown UIInterfaceOrientationLandscapeLeft UIInterfaceOrientationLandscapeRight";
				INFOPLIST_KEY_UISupportedInterfaceOrientations_iPhone = "UIInterfaceOrientationPortrait UIInterfaceOrientationLandscapeLeft UIInterfaceOrientationLandscapeRight";
				IPHONEOS_DEPLOYMENT_TARGET = 15.0;
				LD_RUNPATH_SEARCH_PATHS = (
					"$(inherited)",
					"@executable_path/Frameworks",
				);
				MARKETING_VERSION = 1.0;
				PRODUCT_BUNDLE_IDENTIFIER = saraeltlt.IOSWorkshop;
				PRODUCT_NAME = "$(TARGET_NAME)";
				SWIFT_EMIT_LOC_STRINGS = YES;
				SWIFT_VERSION = 5.0;
				TARGETED_DEVICE_FAMILY = "1,2";
			};
			name = Release;
		};
		8F41DABE2A1F38BA001B4938 /* Debug */ = {
			isa = XCBuildConfiguration;
			baseConfigurationReference = 3BB312F5F1919AFCFF89E182 /* Pods-IOSWorkshopTests.debug.xcconfig */;
			buildSettings = {
				ALWAYS_EMBED_SWIFT_STANDARD_LIBRARIES = YES;
				BUNDLE_LOADER = "$(TEST_HOST)";
				CODE_SIGN_STYLE = Automatic;
				CURRENT_PROJECT_VERSION = 1;
				GENERATE_INFOPLIST_FILE = YES;
				IPHONEOS_DEPLOYMENT_TARGET = 16.4;
				MARKETING_VERSION = 1.0;
				PRODUCT_BUNDLE_IDENTIFIER = saraeltlt.IOSWorkshopTests;
				PRODUCT_NAME = "$(TARGET_NAME)";
				SWIFT_EMIT_LOC_STRINGS = NO;
				SWIFT_VERSION = 5.0;
				TARGETED_DEVICE_FAMILY = "1,2";
				TEST_HOST = "$(BUILT_PRODUCTS_DIR)/IOSWorkshop.app/$(BUNDLE_EXECUTABLE_FOLDER_PATH)/IOSWorkshop";
			};
			name = Debug;
		};
		8F41DABF2A1F38BA001B4938 /* Release */ = {
			isa = XCBuildConfiguration;
			baseConfigurationReference = D5FD07726717ED0F5EE95116 /* Pods-IOSWorkshopTests.release.xcconfig */;
			buildSettings = {
				ALWAYS_EMBED_SWIFT_STANDARD_LIBRARIES = YES;
				BUNDLE_LOADER = "$(TEST_HOST)";
				CODE_SIGN_STYLE = Automatic;
				CURRENT_PROJECT_VERSION = 1;
				GENERATE_INFOPLIST_FILE = YES;
				IPHONEOS_DEPLOYMENT_TARGET = 16.4;
				MARKETING_VERSION = 1.0;
				PRODUCT_BUNDLE_IDENTIFIER = saraeltlt.IOSWorkshopTests;
				PRODUCT_NAME = "$(TARGET_NAME)";
				SWIFT_EMIT_LOC_STRINGS = NO;
				SWIFT_VERSION = 5.0;
				TARGETED_DEVICE_FAMILY = "1,2";
				TEST_HOST = "$(BUILT_PRODUCTS_DIR)/IOSWorkshop.app/$(BUNDLE_EXECUTABLE_FOLDER_PATH)/IOSWorkshop";
			};
			name = Release;
		};
		8F41DAC12A1F38BA001B4938 /* Debug */ = {
			isa = XCBuildConfiguration;
			baseConfigurationReference = 4D334286235586D3C3803056 /* Pods-IOSWorkshop-IOSWorkshopUITests.debug.xcconfig */;
			buildSettings = {
				ALWAYS_EMBED_SWIFT_STANDARD_LIBRARIES = YES;
				CODE_SIGN_STYLE = Automatic;
				CURRENT_PROJECT_VERSION = 1;
				GENERATE_INFOPLIST_FILE = YES;
				MARKETING_VERSION = 1.0;
				PRODUCT_BUNDLE_IDENTIFIER = saraeltlt.IOSWorkshopUITests;
				PRODUCT_NAME = "$(TARGET_NAME)";
				SWIFT_EMIT_LOC_STRINGS = NO;
				SWIFT_VERSION = 5.0;
				TARGETED_DEVICE_FAMILY = "1,2";
				TEST_TARGET_NAME = IOSWorkshop;
			};
			name = Debug;
		};
		8F41DAC22A1F38BA001B4938 /* Release */ = {
			isa = XCBuildConfiguration;
			baseConfigurationReference = DAD0D5A9BEE2CF7B0EE8A76E /* Pods-IOSWorkshop-IOSWorkshopUITests.release.xcconfig */;
			buildSettings = {
				ALWAYS_EMBED_SWIFT_STANDARD_LIBRARIES = YES;
				CODE_SIGN_STYLE = Automatic;
				CURRENT_PROJECT_VERSION = 1;
				GENERATE_INFOPLIST_FILE = YES;
				MARKETING_VERSION = 1.0;
				PRODUCT_BUNDLE_IDENTIFIER = saraeltlt.IOSWorkshopUITests;
				PRODUCT_NAME = "$(TARGET_NAME)";
				SWIFT_EMIT_LOC_STRINGS = NO;
				SWIFT_VERSION = 5.0;
				TARGETED_DEVICE_FAMILY = "1,2";
				TEST_TARGET_NAME = IOSWorkshop;
			};
			name = Release;
		};
/* End XCBuildConfiguration section */

/* Begin XCConfigurationList section */
		8F41DA882A1F38B6001B4938 /* Build configuration list for PBXProject "IOSWorkshop" */ = {
			isa = XCConfigurationList;
			buildConfigurations = (
				8F41DAB82A1F38BA001B4938 /* Debug */,
				8F41DAB92A1F38BA001B4938 /* Release */,
			);
			defaultConfigurationIsVisible = 0;
			defaultConfigurationName = Release;
		};
		8F41DABA2A1F38BA001B4938 /* Build configuration list for PBXNativeTarget "IOSWorkshop" */ = {
			isa = XCConfigurationList;
			buildConfigurations = (
				8F41DABB2A1F38BA001B4938 /* Debug */,
				8F41DABC2A1F38BA001B4938 /* Release */,
			);
			defaultConfigurationIsVisible = 0;
			defaultConfigurationName = Release;
		};
		8F41DABD2A1F38BA001B4938 /* Build configuration list for PBXNativeTarget "IOSWorkshopTests" */ = {
			isa = XCConfigurationList;
			buildConfigurations = (
				8F41DABE2A1F38BA001B4938 /* Debug */,
				8F41DABF2A1F38BA001B4938 /* Release */,
			);
			defaultConfigurationIsVisible = 0;
			defaultConfigurationName = Release;
		};
		8F41DAC02A1F38BA001B4938 /* Build configuration list for PBXNativeTarget "IOSWorkshopUITests" */ = {
			isa = XCConfigurationList;
			buildConfigurations = (
				8F41DAC12A1F38BA001B4938 /* Debug */,
				8F41DAC22A1F38BA001B4938 /* Release */,
			);
			defaultConfigurationIsVisible = 0;
			defaultConfigurationName = Release;
		};
/* End XCConfigurationList section */

/* Begin XCVersionGroup section */
		8F41DA992A1F38B6001B4938 /* IOSWorkshop.xcdatamodeld */ = {
			isa = XCVersionGroup;
			children = (
				8F41DA9A2A1F38B6001B4938 /* IOSWorkshop.xcdatamodel */,
			);
			currentVersion = 8F41DA9A2A1F38B6001B4938 /* IOSWorkshop.xcdatamodel */;
			path = IOSWorkshop.xcdatamodeld;
			sourceTree = "<group>";
			versionGroupType = wrapper.xcdatamodel;
		};
/* End XCVersionGroup section */
	};
	rootObject = 8F41DA852A1F38B6001B4938 /* Project object */;
}
